{
    "_readme": [
        "This file locks the dependencies of your project to a known state",
        "Read more about it at https://getcomposer.org/doc/01-basic-usage.md#installing-dependencies",
        "This file is @generated automatically"
    ],
    "content-hash": "d751713988987e9331980363e24189ce",
    "packages": [],
    "packages-dev": [
        {
            "name": "phpunit/phpunit",
            "version": "9.5.28",
            "source": {
                "type": "git",
                "url": "https://github.com/sebastianbergmann/phpunit.git",
                "reference": "954ca3113a03bf780d22f07bf055d883ee04b65e"
            },
            "dist": {
                "type": "zip",
                "url": "https://api.github.com/repos/sebastianbergmann/phpunit/zipball/954ca3113a03bf780d22f07bf055d883ee04b65e",
                "reference": "954ca3113a03bf780d22f07bf055d883ee04b65e",
                "shasum": ""
            },
            "require": {
                "php": ">=7.3"
            },
            "type": "library",
            "extra": {
                "branch-alias": {
                    "dev-master": "9.5-dev"
                }
            },
            "autoload": {
                "classmap": [
                    "src/"
                ]
            },
            "time": "2023-02-03T13:33:53+00:00"
        },
        {
            "name": "friendsofphp/php-cs-fixer",
            "version": "3.14.4",
            "source": {
                "type": "git",
                "url": "https://github.com/FriendsOfPHP/PHP-CS-Fixer.git",
                "reference": "1b3d9dba63d93b8a202c31e824a158dc8a2dbd61"
            },
            "dist": {
                "type": "zip",
                "url": "https://api.github.com/repos/FriendsOfPHP/PHP-CS-Fixer/zipball/1b3d9dba63d93b8a202c31e824a158dc8a2dbd61",
                "reference": "1b3d9dba63d93b8a202c31e824a158dc8a2dbd61",
                "shasum": ""
            },
            "require": {
                "php": "^7.4 || ^8.0"
            },
            "type": "application",
            "time": "2023-02-02T14:08:08+00:00"
        },
        {
            "name": "vimeo/psalm",
            "version": "4.30.0",
            "source": {
                "type": "git",
                "url": "https://github.com/vimeo/psalm.git",
                "reference": "5c3a0d9a5f9a66a4a3b0ede7a2a667c6e507d302"
            },
            "dist": {
                "type": "zip",
                "url": "https://api.github.com/repos/vimeo/psalm/zipball/5c3a0d9a5f9a66a4a3b0ede7a2a667c6e507d302",
                "reference": "5c3a0d9a5f9a66a4a3b0ede7a2a667c6e507d302",
                "shasum": ""
            },
            "require": {
                "php": "^7.4 || ^8.0"
            },
            "type": "library",
            "time": "2023-01-31T15:07:35+00:00"
        }
    ],
    "aliases": [],
    "minimum-stability": "stable",
    "stability-flags": [],
    "prefer-stable": false,
    "prefer-lowest": false,
    "platform": {
        "php": ">=7.4"
    },
    "platform-dev": [],
    "plugin-api-version": "2.3.0"
}
